{
  "name": "@seoskillsai/cli",
  "version": "1.2.1",
  "lockfileVersion": 3,
  "requires": true,
  "packages": {
    "": {
      "name": "@seoskillsai/cli",
      "version": "1.2.1",
      "license": "MIT",
      "bin": {
        "seo": "packages/cli/index.mjs",
        "seoskills": "packages/cli/index.mjs"
      }
    }
  }
}
